<?xml version="1.0" encoding="utf-8"?>
<Project ToolsVersion="4.0" xmlns="http://schemas.microsoft.com/developer/msbuild/2003">
  <ItemGroup>
    <Filter Include="Source Files">
      <UniqueIdentifier>{4FC737F1-C7A5-4376-A066-2A32D752A2FF}</UniqueIdentifier>
      <Extensions>cpp;c;cc;cxx;c++;cppm;ixx;def;odl;idl;hpj;bat;asm;asmx</Extensions>
    </Filter>
    <Filter Include="Header Files">
      <UniqueIdentifier>{93995380-89BD-4b04-88EB-625FBE52EBFB}</UniqueIdentifier>
      <Extensions>h;hh;hpp;hxx;h++;hm;inl;inc;ipp;xsd</Extensions>
    </Filter>
    <Filter Include="Resource Files">
      <UniqueIdentifier>{67DA6AB6-F800-4c08-8B7A-83BB121AAD01}</UniqueIdentifier>
      <Extensions>rc;ico;cur;bmp;dlg;rc2;rct;bin;rgs;gif;jpg;jpeg;jpe;resx;tiff;tif;png;wav;mfcribbon-ms</Extensions>
    </Filter>
    <Filter Include="Header Files\Fakes">
      <UniqueIdentifier>{61cccab9-403a-421a-8294-105ddd77d6b3}</UniqueIdentifier>
    </Filter>
    <Filter Include="Header Files\Fakes\Collisions">
      <UniqueIdentifier>{dd1ef23b-5476-42e5-949a-371969d72e0e}</UniqueIdentifier>
    </Filter>
    <Filter Include="Header Files\Fakes\Drawables">
      <UniqueIdentifier>{8903f9e6-2e1b-4e7f-bc67-632894772b4b}</UniqueIdentifier>
    </Filter>
    <Filter Include="Header Files\Fakes\GameObjects">
      <UniqueIdentifier>{b8d956ab-278b-465d-a134-39d5200f5551}</UniqueIdentifier>
    </Filter>
    <Filter Include="Header Files\Fakes\Resources">
      <UniqueIdentifier>{8bc827ff-82f1-4f66-8ede-06586acebc31}</UniqueIdentifier>
    </Filter>
    <Filter Include="Source Files\Fakes">
      <UniqueIdentifier>{0e141cc5-7739-43c0-a811-d43098c416f4}</UniqueIdentifier>
    </Filter>
    <Filter Include="Source Files\Fakes\Collisions">
      <UniqueIdentifier>{a20ce0bd-8105-430b-95af-83cd83577ceb}</UniqueIdentifier>
    </Filter>
    <Filter Include="Header Files\Fakes\Renderer">
      <UniqueIdentifier>{ac877b05-156d-496f-bce3-013e8eab4708}</UniqueIdentifier>
    </Filter>
  </ItemGroup>
  <ItemGroup>
    <ClCompile Include="Code\TestSupport\TestSupport.cpp">
      <Filter>Source Files</Filter>
    </ClCompile>
    <ClCompile Include="Code\Testables\Collisions\TestableSFTile.cpp">
      <Filter>Source Files\Fakes\Collisions</Filter>
    </ClCompile>
  </ItemGroup>
  <ItemGroup>
    <ClInclude Include="Code\Testables\Resources\TestableSFShader.h">
      <Filter>Header Files\Fakes\Resources</Filter>
    </ClInclude>
    <ClInclude Include="Code\Testables\Collisions\TestableSFTile.h">
      <Filter>Header Files\Fakes\Collisions</Filter>
    </ClInclude>
    <ClInclude Include="Code\Fakes\GameObjects\FakeDynamicObject.h">
      <Filter>Header Files\Fakes\GameObjects</Filter>
    </ClInclude>
    <ClInclude Include="Code\Fakes\Drawables\FakeDrawable.h">
      <Filter>Header Files\Fakes\Drawables</Filter>
    </ClInclude>
    <ClInclude Include="Code\Fakes\Drawables\FakeSprite.h">
      <Filter>Header Files\Fakes\Drawables</Filter>
    </ClInclude>
    <ClInclude Include="Code\Testables\Drawables\TestableSFDrawable.h">
      <Filter>Header Files\Fakes\Drawables</Filter>
    </ClInclude>
    <ClInclude Include="Code\Fakes\Renderer\FakeRenderer.h">
      <Filter>Header Files\Fakes\Renderer</Filter>
    </ClInclude>
    <ClInclude Include="Code\Fakes\Resources\FakeShader.h">
      <Filter>Header Files\Fakes\Resources</Filter>
    </ClInclude>
    <ClInclude Include="Code\Testables\Drawables\TestableSFShape.h">
      <Filter>Header Files\Fakes\Drawables</Filter>
    </ClInclude>
  </ItemGroup>
</Project>